
Microsoft Visual Studio Solution File, Format Version 12.00
# Visual Studio Version 17
VisualStudioVersion = 17.7.34024.191
MinimumVisualStudioVersion = 10.0.40219.1
Project("{FAE04EC0-301F-11D3-BF4B-00C04F79EFBC}") = "Лр37", "Лр37.csproj", "{71118715-73E0-468C-A2A6-6BDE84E42A7C}"
EndProject
Global
	GlobalSection(SolutionConfigurationPlatforms) = preSolution
		Debug|Any CPU = Debug|Any CPU
		Release|Any CPU = Release|Any CPU
	EndGlobalSection
	GlobalSection(ProjectConfigurationPlatforms) = postSolution
		{71118715-73E0-468C-A2A6-6BDE84E42A7C}.Debug|Any CPU.ActiveCfg = Debug|Any CPU
		{71118715-73E0-468C-A2A6-6BDE84E42A7C}.Debug|Any CPU.Build.0 = Debug|Any CPU
		{71118715-73E0-468C-A2A6-6BDE84E42A7C}.Release|Any CPU.ActiveCfg = Release|Any CPU
		{71118715-73E0-468C-A2A6-6BDE84E42A7C}.Release|Any CPU.Build.0 = Release|Any CPU
	EndGlobalSection
	GlobalSection(SolutionProperties) = preSolution
		HideSolutionNode = FALSE
	EndGlobalSection
	GlobalSection(ExtensibilityGlobals) = postSolution
		SolutionGuid = {17566E40-2EDC-41AA-80E5-27133C97F409}
	EndGlobalSection
EndGlobal
